{
  "name": "eafe3092032fafaeofe32902ppqf2",
  "lockfileVersion": 2,
  "requires": true,
  "packages": {
    "": {
      "name": "eafe3092032fafaeofe32902ppqf2",
      "dependencies": {
        "@hono/node-server": "^1.19.0",
        "hono": "^4.8.5",
        "ws": "^8.9.0",
        "wsstream": "^0.2.0"
      },
      "devDependencies": {
        "@types/node": "^22.0.0",
        "@types/ws": "^8.5.0",
        "typescript": "^5.0.0"
      }
    },
    "node_modules/@hono/node-server": {
      "version": "1.19.0",
      "resolved": "https://registry.npmjs.org/@hono/node-server/-/node-server-1.19.0.tgz",
      "integrity": "sha512-1k8/8OHf5VIymJEcJyVksFpT+AQ5euY0VA5hUkCnlKpD4mr8FSbvXaHblxeTTEr90OaqWzAkQaqD80qHZQKxBA==",
      "license": "MIT",
      "engines": {
        "node": ">=18.14.1"
      },
      "peerDependencies": {
        "hono": "^4"
      }
    },
    "node_modules/@types/node": {
      "version": "22.18.0",
      "resolved": "https://registry.npmjs.org/@types/node/-/node-22.18.0.tgz",
      "integrity": "sha512-m5ObIqwsUp6BZzyiy4RdZpzWGub9bqLJMvZDD0QMXhxjqMHMENlj+SqF5QxoUwaQNFe+8kz8XM8ZQhqkQPTgMQ==",
      "dev": true,
      "license": "MIT",
      "dependencies": {
        "undici-types": "~6.21.0"
      }
    },
    "node_modules/@types/ws": {
      "version": "8.18.1",
      "resolved": "https://registry.npmjs.org/@types/ws/-/ws-8.18.1.tgz",
      "integrity": "sha512-ThVF6DCVhA8kUGy+aazFQ4kXQ7E1Ty7A3ypFOe0IcJV8O/M511G99AW24irKrW56Wt44yG9+ij8FaqoBGkuBXg==",
      "dev": true,
      "license": "MIT",
      "dependencies": {
        "@types/node": "*"
      }
    },
    "node_modules/duplex": {
      "version": "1.0.0",
      "resolved": "https://registry.npmjs.org/duplex/-/duplex-1.0.0.tgz",
      "integrity": "sha512-6Urdl3FU6TU6TAbd9b46YsvYhxqWvuuvlDL1VaP4DJb9E1jbU9Y5E6KUIXt7+0CUgKhPveZ495kqVAzm/uynyg=="
    },
    "node_modules/hono": {
      "version": "4.9.5",
      "resolved": "https://registry.npmjs.org/hono/-/hono-4.9.5.tgz",
      "integrity": "sha512-aLAVl5/67ifNnoFVxnhR89dpmSLsgwBprw/PT671ASwUpJqmd7Ne8KPTQo37DbRZfgpHaHeZ4bPVUvbOkeedMw==",
      "license": "MIT",
      "engines": {
        "node": ">=16.9.0"
      }
    },
    "node_modules/typescript": {
      "version": "5.9.2",
      "resolved": "https://registry.npmjs.org/typescript/-/typescript-5.9.2.tgz",
      "integrity": "sha512-CWBzXQrc/qOkhidw1OzBTQuYRbfyxDXJMVJ1XNwUHGROVmuaeiEm3OslpZ1RV96d7SKKjZKrSJu3+t/xlw3R9A==",
      "dev": true,
      "license": "Apache-2.0",
      "bin": {
        "tsc": "bin/tsc",
        "tsserver": "bin/tsserver"
      },
      "engines": {
        "node": ">=14.17"
      }
    },
    "node_modules/undici-types": {
      "version": "6.21.0",
      "resolved": "https://registry.npmjs.org/undici-types/-/undici-types-6.21.0.tgz",
      "integrity": "sha512-iwDZqg0QAGrg9Rav5H4n0M64c3mkR59cJ6wQp+7C4nI0gsmExaedaYLNO44eT4AtBBwjbTiGPMlt2Md0T9H9JQ==",
      "dev": true,
      "license": "MIT"
    },
    "node_modules/ws": {
      "version": "8.9.0",
      "resolved": "https://registry.npmjs.org/ws/-/ws-8.9.0.tgz",
      "integrity": "sha512-Ja7nszREasGaYUYCI2k4lCKIRTt+y7XuqVoHR44YpI49TtryyqbqvDMn5eqfW7e6HzTukDRIsXqzVHScqRcafg==",
      "engines": {
        "node": ">=10.0.0"
      },
      "peerDependencies": {
        "bufferutil": "^4.0.1",
        "utf-8-validate": "^5.0.2"
      },
      "peerDependenciesMeta": {
        "bufferutil": {
          "optional": true
        },
        "utf-8-validate": {
          "optional": true
        }
      }
    },
    "node_modules/wsstream": {
      "version": "0.2.0",
      "resolved": "https://registry.npmjs.org/wsstream/-/wsstream-0.2.0.tgz",
      "integrity": "sha512-A2v0dKTQqOFDzr5U5OCkErd+ln49slFT7HFTqdO6FXtDJDkYXuR/iAqXkvl/Abk0cR4o3pjxkVWHHBUhf0e+sw==",
      "dependencies": {
        "duplex": "~1.0.0"
      },
      "engines": {
        "node": ">=0.10"
      }
    }
  },
  "dependencies": {
    "@hono/node-server": {
      "version": "1.19.0",
      "resolved": "https://registry.npmjs.org/@hono/node-server/-/node-server-1.19.0.tgz",
      "integrity": "sha512-1k8/8OHf5VIymJEcJyVksFpT+AQ5euY0VA5hUkCnlKpD4mr8FSbvXaHblxeTTEr90OaqWzAkQaqD80qHZQKxBA==",
      "requires": {}
    },
    "@types/node": {
      "version": "22.18.0",
      "resolved": "https://registry.npmjs.org/@types/node/-/node-22.18.0.tgz",
      "integrity": "sha512-m5ObIqwsUp6BZzyiy4RdZpzWGub9bqLJMvZDD0QMXhxjqMHMENlj+SqF5QxoUwaQNFe+8kz8XM8ZQhqkQPTgMQ==",
      "dev": true,
      "requires": {
        "undici-types": "~6.21.0"
      }
    },
    "@types/ws": {
      "version": "8.18.1",
      "resolved": "https://registry.npmjs.org/@types/ws/-/ws-8.18.1.tgz",
      "integrity": "sha512-ThVF6DCVhA8kUGy+aazFQ4kXQ7E1Ty7A3ypFOe0IcJV8O/M511G99AW24irKrW56Wt44yG9+ij8FaqoBGkuBXg==",
      "dev": true,
      "requires": {
        "@types/node": "*"
      }
    },
    "duplex": {
      "version": "1.0.0",
      "resolved": "https://registry.npmjs.org/duplex/-/duplex-1.0.0.tgz",
      "integrity": "sha512-6Urdl3FU6TU6TAbd9b46YsvYhxqWvuuvlDL1VaP4DJb9E1jbU9Y5E6KUIXt7+0CUgKhPveZ495kqVAzm/uynyg=="
    },
    "hono": {
      "version": "4.9.5",
      "resolved": "https://registry.npmjs.org/hono/-/hono-4.9.5.tgz",
      "integrity": "sha512-aLAVl5/67ifNnoFVxnhR89dpmSLsgwBprw/PT671ASwUpJqmd7Ne8KPTQo37DbRZfgpHaHeZ4bPVUvbOkeedMw=="
    },
    "typescript": {
      "version": "5.9.2",
      "resolved": "https://registry.npmjs.org/typescript/-/typescript-5.9.2.tgz",
      "integrity": "sha512-CWBzXQrc/qOkhidw1OzBTQuYRbfyxDXJMVJ1XNwUHGROVmuaeiEm3OslpZ1RV96d7SKKjZKrSJu3+t/xlw3R9A==",
      "dev": true
    },
    "undici-types": {
      "version": "6.21.0",
      "resolved": "https://registry.npmjs.org/undici-types/-/undici-types-6.21.0.tgz",
      "integrity": "sha512-iwDZqg0QAGrg9Rav5H4n0M64c3mkR59cJ6wQp+7C4nI0gsmExaedaYLNO44eT4AtBBwjbTiGPMlt2Md0T9H9JQ==",
      "dev": true
    },
    "ws": {
      "version": "8.9.0",
      "resolved": "https://registry.npmjs.org/ws/-/ws-8.9.0.tgz",
      "integrity": "sha512-Ja7nszREasGaYUYCI2k4lCKIRTt+y7XuqVoHR44YpI49TtryyqbqvDMn5eqfW7e6HzTukDRIsXqzVHScqRcafg==",
      "requires": {}
    },
    "wsstream": {
      "version": "0.2.0",
      "resolved": "https://registry.npmjs.org/wsstream/-/wsstream-0.2.0.tgz",
      "integrity": "sha512-A2v0dKTQqOFDzr5U5OCkErd+ln49slFT7HFTqdO6FXtDJDkYXuR/iAqXkvl/Abk0cR4o3pjxkVWHHBUhf0e+sw==",
      "requires": {
        "duplex": "~1.0.0"
      }
    }
  }
}
